
Microsoft Visual Studio Solution File, Format Version 12.00
# Visual Studio Version 17
VisualStudioVersion = 17.12.35521.163
MinimumVisualStudioVersion = 10.0.40219.1
Project("{2150E333-8FDC-42A3-9474-1A3956D46DE8}") = "Task0", "Task0", "{46CCEF3A-3D00-489A-9E09-74C74F544B33}"
EndProject
Project("{FAE04EC0-301F-11D3-BF4B-00C04F79EFBC}") = "Tyuiu.GairabekovMR.Sprint3.Task0.V28", "Tyuiu.GairabekovMR.Sprint3.Task0.V28\Tyuiu.GairabekovMR.Sprint3.Task0.V28.csproj", "{72A9808C-2DAF-42D0-B1E6-A9308E0E28C7}"
EndProject
Project("{FAE04EC0-301F-11D3-BF4B-00C04F79EFBC}") = "Tyuiu.GairabekovMR.Sprint3.Task0.V28.Lib", "Tyuiu.GairabekovMR.Sprint3.Task0.V28.Lib\Tyuiu.GairabekovMR.Sprint3.Task0.V28.Lib.csproj", "{6EA9C0BD-4CEF-4DCB-ADAA-4011B27B02DB}"
EndProject
Project("{FAE04EC0-301F-11D3-BF4B-00C04F79EFBC}") = "Tyuiu.GairabekovMR.Sprint3.Task0.V28.Test", "Tyuiu.GairabekovMR.Sprint3.Task0.V28.Test\Tyuiu.GairabekovMR.Sprint3.Task0.V28.Test.csproj", "{4C7B8441-B593-4F15-8A87-4C303400BA0C}"
EndProject
Project("{2150E333-8FDC-42A3-9474-1A3956D46DE8}") = "Task1", "Task1", "{5BE954DC-3EF5-4547-B8B6-9CC9BC27B8E2}"
EndProject
Project("{FAE04EC0-301F-11D3-BF4B-00C04F79EFBC}") = "Tyuiu.GairabekovMR.Sprint3.Task1.V9", "Tyuiu.GairabekovMR.Sprint3.Task1.V9\Tyuiu.GairabekovMR.Sprint3.Task1.V9.csproj", "{7CE542C4-D4FA-41EF-AEA4-D880CCD707DE}"
EndProject
Project("{FAE04EC0-301F-11D3-BF4B-00C04F79EFBC}") = "Tyuiu.GairabekovMR.Sprint3.Task1.V9.Lib", "Tyuiu.GairabekovMR.Sprint3.Task1.V9.Lib\Tyuiu.GairabekovMR.Sprint3.Task1.V9.Lib.csproj", "{AF9F1EF3-1778-4BA7-B923-BF3FC2688E6D}"
EndProject
Project("{FAE04EC0-301F-11D3-BF4B-00C04F79EFBC}") = "Tyuiu.GairabekovMR.Sprint3.Task1.V9.Test", "Tyuiu.GairabekovMR.Sprint3.Task1.V9.Test\Tyuiu.GairabekovMR.Sprint3.Task1.V9.Test.csproj", "{4F66AE3B-BAE0-4929-8C75-60DB825D3B5D}"
EndProject
Project("{2150E333-8FDC-42A3-9474-1A3956D46DE8}") = "Task2", "Task2", "{5CAA2917-2423-4A0F-AB8B-CE1AE87E4487}"
EndProject
Project("{FAE04EC0-301F-11D3-BF4B-00C04F79EFBC}") = "Tyuiu.GairabekovMR.Sprint3.Task2.V5", "Tyuiu.GairabekovMR.Sprint3.Task2.V5\Tyuiu.GairabekovMR.Sprint3.Task2.V5.csproj", "{94FF77DA-237D-4E14-AD58-E1FD71B21B71}"
EndProject
Project("{FAE04EC0-301F-11D3-BF4B-00C04F79EFBC}") = "Tyuiu.GairabekovMR.Sprint3.Task2.V5.Lib", "Tyuiu.GairabekovMR.Sprint3.Task2.V5.Lib\Tyuiu.GairabekovMR.Sprint3.Task2.V5.Lib.csproj", "{EE6D197F-74A2-4F23-890D-08091457DF8C}"
EndProject
Project("{FAE04EC0-301F-11D3-BF4B-00C04F79EFBC}") = "Tyuiu.GairabekovMR.Sprint3.Task2.V5.Test", "Tyuiu.GairabekovMR.Sprint3.Task2.V5.Test\Tyuiu.GairabekovMR.Sprint3.Task2.V5.Test.csproj", "{48B2C9B1-3665-4DA7-9BB9-61628CE0B1B9}"
EndProject
Project("{2150E333-8FDC-42A3-9474-1A3956D46DE8}") = "Task3", "Task3", "{52A50ED7-6DB0-48C6-A219-089918C28373}"
EndProject
Project("{FAE04EC0-301F-11D3-BF4B-00C04F79EFBC}") = "Tyuiu.GairabekovMR.Sprint3.Task3.V9", "Tyuiu.GairabekovMR.Sprint3.Task3.V9\Tyuiu.GairabekovMR.Sprint3.Task3.V9.csproj", "{65D5EBC4-510F-4ACD-9C41-09AD90F86F44}"
EndProject
Project("{FAE04EC0-301F-11D3-BF4B-00C04F79EFBC}") = "Tyuiu.GairabekovMR.Sprint3.Task3.V9.Lib", "Tyuiu.GairabekovMR.Sprint3.Task3.V9.Lib\Tyuiu.GairabekovMR.Sprint3.Task3.V9.Lib.csproj", "{F6F90A8B-17FF-4459-BB16-C70F5EEFFD10}"
EndProject
Project("{FAE04EC0-301F-11D3-BF4B-00C04F79EFBC}") = "Tyuiu.GairabekovMR.Sprint3.Task3.V9.Test", "Tyuiu.GairabekovMR.Sprint3.Task3.V9.Test\Tyuiu.GairabekovMR.Sprint3.Task3.V9.Test.csproj", "{7D7B437F-CDB0-4065-85D1-5A29548979DB}"
EndProject
Global
	GlobalSection(SolutionConfigurationPlatforms) = preSolution
		Debug|Any CPU = Debug|Any CPU
		Release|Any CPU = Release|Any CPU
	EndGlobalSection
	GlobalSection(ProjectConfigurationPlatforms) = postSolution
		{72A9808C-2DAF-42D0-B1E6-A9308E0E28C7}.Debug|Any CPU.ActiveCfg = Debug|Any CPU
		{72A9808C-2DAF-42D0-B1E6-A9308E0E28C7}.Debug|Any CPU.Build.0 = Debug|Any CPU
		{72A9808C-2DAF-42D0-B1E6-A9308E0E28C7}.Release|Any CPU.ActiveCfg = Release|Any CPU
		{72A9808C-2DAF-42D0-B1E6-A9308E0E28C7}.Release|Any CPU.Build.0 = Release|Any CPU
		{6EA9C0BD-4CEF-4DCB-ADAA-4011B27B02DB}.Debug|Any CPU.ActiveCfg = Debug|Any CPU
		{6EA9C0BD-4CEF-4DCB-ADAA-4011B27B02DB}.Debug|Any CPU.Build.0 = Debug|Any CPU
		{6EA9C0BD-4CEF-4DCB-ADAA-4011B27B02DB}.Release|Any CPU.ActiveCfg = Release|Any CPU
		{6EA9C0BD-4CEF-4DCB-ADAA-4011B27B02DB}.Release|Any CPU.Build.0 = Release|Any CPU
		{4C7B8441-B593-4F15-8A87-4C303400BA0C}.Debug|Any CPU.ActiveCfg = Debug|Any CPU
		{4C7B8441-B593-4F15-8A87-4C303400BA0C}.Debug|Any CPU.Build.0 = Debug|Any CPU
		{4C7B8441-B593-4F15-8A87-4C303400BA0C}.Release|Any CPU.ActiveCfg = Release|Any CPU
		{4C7B8441-B593-4F15-8A87-4C303400BA0C}.Release|Any CPU.Build.0 = Release|Any CPU
		{7CE542C4-D4FA-41EF-AEA4-D880CCD707DE}.Debug|Any CPU.ActiveCfg = Debug|Any CPU
		{7CE542C4-D4FA-41EF-AEA4-D880CCD707DE}.Debug|Any CPU.Build.0 = Debug|Any CPU
		{7CE542C4-D4FA-41EF-AEA4-D880CCD707DE}.Release|Any CPU.ActiveCfg = Release|Any CPU
		{7CE542C4-D4FA-41EF-AEA4-D880CCD707DE}.Release|Any CPU.Build.0 = Release|Any CPU
		{AF9F1EF3-1778-4BA7-B923-BF3FC2688E6D}.Debug|Any CPU.ActiveCfg = Debug|Any CPU
		{AF9F1EF3-1778-4BA7-B923-BF3FC2688E6D}.Debug|Any CPU.Build.0 = Debug|Any CPU
		{AF9F1EF3-1778-4BA7-B923-BF3FC2688E6D}.Release|Any CPU.ActiveCfg = Release|Any CPU
		{AF9F1EF3-1778-4BA7-B923-BF3FC2688E6D}.Release|Any CPU.Build.0 = Release|Any CPU
		{4F66AE3B-BAE0-4929-8C75-60DB825D3B5D}.Debug|Any CPU.ActiveCfg = Debug|Any CPU
		{4F66AE3B-BAE0-4929-8C75-60DB825D3B5D}.Debug|Any CPU.Build.0 = Debug|Any CPU
		{4F66AE3B-BAE0-4929-8C75-60DB825D3B5D}.Release|Any CPU.ActiveCfg = Release|Any CPU
		{4F66AE3B-BAE0-4929-8C75-60DB825D3B5D}.Release|Any CPU.Build.0 = Release|Any CPU
		{94FF77DA-237D-4E14-AD58-E1FD71B21B71}.Debug|Any CPU.ActiveCfg = Debug|Any CPU
		{94FF77DA-237D-4E14-AD58-E1FD71B21B71}.Debug|Any CPU.Build.0 = Debug|Any CPU
		{94FF77DA-237D-4E14-AD58-E1FD71B21B71}.Release|Any CPU.ActiveCfg = Release|Any CPU
		{94FF77DA-237D-4E14-AD58-E1FD71B21B71}.Release|Any CPU.Build.0 = Release|Any CPU
		{EE6D197F-74A2-4F23-890D-08091457DF8C}.Debug|Any CPU.ActiveCfg = Debug|Any CPU
		{EE6D197F-74A2-4F23-890D-08091457DF8C}.Debug|Any CPU.Build.0 = Debug|Any CPU
		{EE6D197F-74A2-4F23-890D-08091457DF8C}.Release|Any CPU.ActiveCfg = Release|Any CPU
		{EE6D197F-74A2-4F23-890D-08091457DF8C}.Release|Any CPU.Build.0 = Release|Any CPU
		{48B2C9B1-3665-4DA7-9BB9-61628CE0B1B9}.Debug|Any CPU.ActiveCfg = Debug|Any CPU
		{48B2C9B1-3665-4DA7-9BB9-61628CE0B1B9}.Debug|Any CPU.Build.0 = Debug|Any CPU
		{48B2C9B1-3665-4DA7-9BB9-61628CE0B1B9}.Release|Any CPU.ActiveCfg = Release|Any CPU
		{48B2C9B1-3665-4DA7-9BB9-61628CE0B1B9}.Release|Any CPU.Build.0 = Release|Any CPU
		{65D5EBC4-510F-4ACD-9C41-09AD90F86F44}.Debug|Any CPU.ActiveCfg = Debug|Any CPU
		{65D5EBC4-510F-4ACD-9C41-09AD90F86F44}.Debug|Any CPU.Build.0 = Debug|Any CPU
		{65D5EBC4-510F-4ACD-9C41-09AD90F86F44}.Release|Any CPU.ActiveCfg = Release|Any CPU
		{65D5EBC4-510F-4ACD-9C41-09AD90F86F44}.Release|Any CPU.Build.0 = Release|Any CPU
		{F6F90A8B-17FF-4459-BB16-C70F5EEFFD10}.Debug|Any CPU.ActiveCfg = Debug|Any CPU
		{F6F90A8B-17FF-4459-BB16-C70F5EEFFD10}.Debug|Any CPU.Build.0 = Debug|Any CPU
		{F6F90A8B-17FF-4459-BB16-C70F5EEFFD10}.Release|Any CPU.ActiveCfg = Release|Any CPU
		{F6F90A8B-17FF-4459-BB16-C70F5EEFFD10}.Release|Any CPU.Build.0 = Release|Any CPU
		{7D7B437F-CDB0-4065-85D1-5A29548979DB}.Debug|Any CPU.ActiveCfg = Debug|Any CPU
		{7D7B437F-CDB0-4065-85D1-5A29548979DB}.Debug|Any CPU.Build.0 = Debug|Any CPU
		{7D7B437F-CDB0-4065-85D1-5A29548979DB}.Release|Any CPU.ActiveCfg = Release|Any CPU
		{7D7B437F-CDB0-4065-85D1-5A29548979DB}.Release|Any CPU.Build.0 = Release|Any CPU
	EndGlobalSection
	GlobalSection(SolutionProperties) = preSolution
		HideSolutionNode = FALSE
	EndGlobalSection
	GlobalSection(NestedProjects) = preSolution
		{72A9808C-2DAF-42D0-B1E6-A9308E0E28C7} = {46CCEF3A-3D00-489A-9E09-74C74F544B33}
		{6EA9C0BD-4CEF-4DCB-ADAA-4011B27B02DB} = {46CCEF3A-3D00-489A-9E09-74C74F544B33}
		{4C7B8441-B593-4F15-8A87-4C303400BA0C} = {46CCEF3A-3D00-489A-9E09-74C74F544B33}
		{7CE542C4-D4FA-41EF-AEA4-D880CCD707DE} = {5BE954DC-3EF5-4547-B8B6-9CC9BC27B8E2}
		{AF9F1EF3-1778-4BA7-B923-BF3FC2688E6D} = {5BE954DC-3EF5-4547-B8B6-9CC9BC27B8E2}
		{4F66AE3B-BAE0-4929-8C75-60DB825D3B5D} = {5BE954DC-3EF5-4547-B8B6-9CC9BC27B8E2}
		{94FF77DA-237D-4E14-AD58-E1FD71B21B71} = {5CAA2917-2423-4A0F-AB8B-CE1AE87E4487}
		{EE6D197F-74A2-4F23-890D-08091457DF8C} = {5CAA2917-2423-4A0F-AB8B-CE1AE87E4487}
		{48B2C9B1-3665-4DA7-9BB9-61628CE0B1B9} = {5CAA2917-2423-4A0F-AB8B-CE1AE87E4487}
		{65D5EBC4-510F-4ACD-9C41-09AD90F86F44} = {52A50ED7-6DB0-48C6-A219-089918C28373}
		{F6F90A8B-17FF-4459-BB16-C70F5EEFFD10} = {52A50ED7-6DB0-48C6-A219-089918C28373}
		{7D7B437F-CDB0-4065-85D1-5A29548979DB} = {52A50ED7-6DB0-48C6-A219-089918C28373}
	EndGlobalSection
EndGlobal
