
Microsoft Visual Studio Solution File, Format Version 12.00
# Visual Studio Version 17
VisualStudioVersion = 17.12.35521.163
MinimumVisualStudioVersion = 10.0.40219.1
Project("{2150E333-8FDC-42A3-9474-1A3956D46DE8}") = "Task0", "Task0", "{46CCEF3A-3D00-489A-9E09-74C74F544B33}"
EndProject
Project("{FAE04EC0-301F-11D3-BF4B-00C04F79EFBC}") = "Tyuiu.GairabekovMR.Sprint3.Task0.V28", "Tyuiu.GairabekovMR.Sprint3.Task0.V28\Tyuiu.GairabekovMR.Sprint3.Task0.V28.csproj", "{72A9808C-2DAF-42D0-B1E6-A9308E0E28C7}"
EndProject
Project("{FAE04EC0-301F-11D3-BF4B-00C04F79EFBC}") = "Tyuiu.GairabekovMR.Sprint3.Task0.V28.Lib", "Tyuiu.GairabekovMR.Sprint3.Task0.V28.Lib\Tyuiu.GairabekovMR.Sprint3.Task0.V28.Lib.csproj", "{6EA9C0BD-4CEF-4DCB-ADAA-4011B27B02DB}"
EndProject
Project("{FAE04EC0-301F-11D3-BF4B-00C04F79EFBC}") = "Tyuiu.GairabekovMR.Sprint3.Task0.V28.Test", "Tyuiu.GairabekovMR.Sprint3.Task0.V28.Test\Tyuiu.GairabekovMR.Sprint3.Task0.V28.Test.csproj", "{4C7B8441-B593-4F15-8A87-4C303400BA0C}"
EndProject
Project("{2150E333-8FDC-42A3-9474-1A3956D46DE8}") = "Task1", "Task1", "{5BE954DC-3EF5-4547-B8B6-9CC9BC27B8E2}"
EndProject
Project("{FAE04EC0-301F-11D3-BF4B-00C04F79EFBC}") = "Tyuiu.GairabekovMR.Sprint3.Task1.V9", "Tyuiu.GairabekovMR.Sprint3.Task1.V9\Tyuiu.GairabekovMR.Sprint3.Task1.V9.csproj", "{7CE542C4-D4FA-41EF-AEA4-D880CCD707DE}"
EndProject
Project("{FAE04EC0-301F-11D3-BF4B-00C04F79EFBC}") = "Tyuiu.GairabekovMR.Sprint3.Task1.V9.Lib", "Tyuiu.GairabekovMR.Sprint3.Task1.V9.Lib\Tyuiu.GairabekovMR.Sprint3.Task1.V9.Lib.csproj", "{AF9F1EF3-1778-4BA7-B923-BF3FC2688E6D}"
EndProject
Project("{FAE04EC0-301F-11D3-BF4B-00C04F79EFBC}") = "Tyuiu.GairabekovMR.Sprint3.Task1.V9.Test", "Tyuiu.GairabekovMR.Sprint3.Task1.V9.Test\Tyuiu.GairabekovMR.Sprint3.Task1.V9.Test.csproj", "{4F66AE3B-BAE0-4929-8C75-60DB825D3B5D}"
EndProject
Project("{2150E333-8FDC-42A3-9474-1A3956D46DE8}") = "Task2", "Task2", "{5CAA2917-2423-4A0F-AB8B-CE1AE87E4487}"
EndProject
Project("{FAE04EC0-301F-11D3-BF4B-00C04F79EFBC}") = "Tyuiu.GairabekovMR.Sprint3.Task2.V5", "Tyuiu.GairabekovMR.Sprint3.Task2.V5\Tyuiu.GairabekovMR.Sprint3.Task2.V5.csproj", "{94FF77DA-237D-4E14-AD58-E1FD71B21B71}"
EndProject
Project("{FAE04EC0-301F-11D3-BF4B-00C04F79EFBC}") = "Tyuiu.GairabekovMR.Sprint3.Task2.V5.Lib", "Tyuiu.GairabekovMR.Sprint3.Task2.V5.Lib\Tyuiu.GairabekovMR.Sprint3.Task2.V5.Lib.csproj", "{EE6D197F-74A2-4F23-890D-08091457DF8C}"
EndProject
Project("{FAE04EC0-301F-11D3-BF4B-00C04F79EFBC}") = "Tyuiu.GairabekovMR.Sprint3.Task2.V5.Test", "Tyuiu.GairabekovMR.Sprint3.Task2.V5.Test\Tyuiu.GairabekovMR.Sprint3.Task2.V5.Test.csproj", "{48B2C9B1-3665-4DA7-9BB9-61628CE0B1B9}"
EndProject
Project("{2150E333-8FDC-42A3-9474-1A3956D46DE8}") = "Task3", "Task3", "{52A50ED7-6DB0-48C6-A219-089918C28373}"
EndProject
Project("{FAE04EC0-301F-11D3-BF4B-00C04F79EFBC}") = "Tyuiu.GairabekovMR.Sprint3.Task3.V9", "Tyuiu.GairabekovMR.Sprint3.Task3.V9\Tyuiu.GairabekovMR.Sprint3.Task3.V9.csproj", "{65D5EBC4-510F-4ACD-9C41-09AD90F86F44}"
EndProject
Project("{FAE04EC0-301F-11D3-BF4B-00C04F79EFBC}") = "Tyuiu.GairabekovMR.Sprint3.Task3.V9.Lib", "Tyuiu.GairabekovMR.Sprint3.Task3.V9.Lib\Tyuiu.GairabekovMR.Sprint3.Task3.V9.Lib.csproj", "{F6F90A8B-17FF-4459-BB16-C70F5EEFFD10}"
EndProject
Project("{FAE04EC0-301F-11D3-BF4B-00C04F79EFBC}") = "Tyuiu.GairabekovMR.Sprint3.Task3.V9.Test", "Tyuiu.GairabekovMR.Sprint3.Task3.V9.Test\Tyuiu.GairabekovMR.Sprint3.Task3.V9.Test.csproj", "{7D7B437F-CDB0-4065-85D1-5A29548979DB}"
EndProject
Project("{2150E333-8FDC-42A3-9474-1A3956D46DE8}") = "Task4", "Task4", "{1363B736-82F6-4CC6-B5E7-E77602EBC65A}"
EndProject
Project("{FAE04EC0-301F-11D3-BF4B-00C04F79EFBC}") = "Tyuiu.GairabekovMR.Sprint3.Task4.V19", "Tyuiu.GairabekovMR.Sprint3.Task4.V19\Tyuiu.GairabekovMR.Sprint3.Task4.V19.csproj", "{3097D36B-2D68-4C27-BEA9-00776B3CEC54}"
EndProject
Project("{2150E333-8FDC-42A3-9474-1A3956D46DE8}") = "Task5", "Task5", "{BE6F6271-3795-4898-99F6-D04DB8173A84}"
EndProject
Project("{FAE04EC0-301F-11D3-BF4B-00C04F79EFBC}") = "Tyuiu.GairabekovMR.Sprint3.Task5.V3", "Tyuiu.GairabekovMR.Sprint3.Task5.V3\Tyuiu.GairabekovMR.Sprint3.Task5.V3.csproj", "{6B80C4C1-EC22-4776-9118-ADDE79118301}"
EndProject
Project("{FAE04EC0-301F-11D3-BF4B-00C04F79EFBC}") = "Tyuiu.GairabekovMR.Sprint3.Task5.V3.Lib", "Tyuiu.GairabekovMR.Sprint3.Task5.V3.Lib\Tyuiu.GairabekovMR.Sprint3.Task5.V3.Lib.csproj", "{03BDD573-25E0-4941-834E-ABAD3C6E6DE5}"
EndProject
Project("{FAE04EC0-301F-11D3-BF4B-00C04F79EFBC}") = "Tyuiu.GairabekovMR.Sprint3.Task5.V3.Test", "Tyuiu.GairabekovMR.Sprint3.Task5.V3.Test\Tyuiu.GairabekovMR.Sprint3.Task5.V3.Test.csproj", "{743E6043-4932-400D-8E1C-765C61008C09}"
EndProject
Project("{2150E333-8FDC-42A3-9474-1A3956D46DE8}") = "Task6", "Task6", "{1A1D1D1C-8916-4ABE-B77C-B22025F9D258}"
EndProject
Project("{FAE04EC0-301F-11D3-BF4B-00C04F79EFBC}") = "Tyuiu.GairabekovMR.Sprint3.Task6.V11", "Tyuiu.GairabekovMR.Sprint3.Task6.V11\Tyuiu.GairabekovMR.Sprint3.Task6.V11.csproj", "{C9E461E8-607E-43D5-91D2-FEFFEC2B0F05}"
EndProject
Project("{FAE04EC0-301F-11D3-BF4B-00C04F79EFBC}") = "Tyuiu.GairabekovMR.Sprint3.Task6.V11.Lib", "Tyuiu.GairabekovMR.Sprint3.Task6.V11.Lib\Tyuiu.GairabekovMR.Sprint3.Task6.V11.Lib.csproj", "{9FBCA47C-84CA-4D79-8814-233713FDE0C9}"
EndProject
Project("{FAE04EC0-301F-11D3-BF4B-00C04F79EFBC}") = "Tyuiu.GairabekovMR.Sprint3.Task6.V11.Test", "Tyuiu.GairabekovMR.Sprint3.Task6.V11.Test\Tyuiu.GairabekovMR.Sprint3.Task6.V11.Test.csproj", "{0A5BE9AC-BFBF-4B41-909A-DDADCB73D00A}"
EndProject
Project("{2150E333-8FDC-42A3-9474-1A3956D46DE8}") = "Task7", "Task7", "{0749BC73-732E-427F-9515-4CB25C4AFCA3}"
EndProject
Project("{FAE04EC0-301F-11D3-BF4B-00C04F79EFBC}") = "Tyuiu.GairabekovMR.Sprint3.Task7.V18", "Tyuiu.GairabekovMR.Sprint3.Task7.V18\Tyuiu.GairabekovMR.Sprint3.Task7.V18.csproj", "{42998CC8-9D56-41C1-9752-9FF7ABD04EC4}"
EndProject
Project("{FAE04EC0-301F-11D3-BF4B-00C04F79EFBC}") = "Tyuiu.GairabekovMR.Sprint3.Task7.V18.Lib", "Tyuiu.GairabekovMR.Sprint3.Task7.V18.Lib\Tyuiu.GairabekovMR.Sprint3.Task7.V18.Lib.csproj", "{5EB8037C-A6E4-47A3-BE1C-5EDF430551CA}"
EndProject
Project("{FAE04EC0-301F-11D3-BF4B-00C04F79EFBC}") = "Tyuiu.GairabekovMR.Sprint3.Task7.V18.Test", "Tyuiu.GairabekovMR.Sprint3.Task7.V18.Test\Tyuiu.GairabekovMR.Sprint3.Task7.V18.Test.csproj", "{64EC285A-82FB-4689-B91E-9444A42B5303}"
EndProject
Project("{2150E333-8FDC-42A3-9474-1A3956D46DE8}") = "Sprint3.TaskReview.V9", "Sprint3.TaskReview.V9", "{3601CEA7-B66F-415C-B8C2-CB8290A2F706}"
EndProject
Project("{FAE04EC0-301F-11D3-BF4B-00C04F79EFBC}") = "Sprint3.TaskReview.V9", "Sprint3.TaskReview.V9\Sprint3.TaskReview.V9.csproj", "{EACC5004-EEC6-4BE6-B013-2507A3CA2A62}"
EndProject
Project("{FAE04EC0-301F-11D3-BF4B-00C04F79EFBC}") = "Sprint3.TaskReview.V9.Lib", "Sprint3.TaskReview.V9.Lib\Sprint3.TaskReview.V9.Lib.csproj", "{3064B95D-56D5-4F30-89E5-758DBD719EEE}"
EndProject
Project("{FAE04EC0-301F-11D3-BF4B-00C04F79EFBC}") = "Sprint3.TaskReview.V9.Test", "Sprint3.TaskReview.V9.Test\Sprint3.TaskReview.V9.Test.csproj", "{1242549E-8A6C-40BA-9DCE-F288350448BE}"
EndProject
Project("{FAE04EC0-301F-11D3-BF4B-00C04F79EFBC}") = "Tyuiu.GairabekovMR.Sprint3.Task4.V19.Lib", "Tyuiu.GairabekovMR.Sprint3.Task4.V19.Lib\Tyuiu.GairabekovMR.Sprint3.Task4.V19.Lib.csproj", "{9D4462B2-F583-4F67-B99F-C123A70F24B2}"
EndProject
Project("{FAE04EC0-301F-11D3-BF4B-00C04F79EFBC}") = "Tyuiu.GairabekovMR.Sprint3.Task4.V19.Test", "Tyuiu.GairabekovMR.Sprint3.Task4.V19.Test\Tyuiu.GairabekovMR.Sprint3.Task4.V19.Test.csproj", "{A2D277E9-8FE0-4888-A2C7-A1D9690AB7CB}"
EndProject
Global
	GlobalSection(SolutionConfigurationPlatforms) = preSolution
		Debug|Any CPU = Debug|Any CPU
		Release|Any CPU = Release|Any CPU
	EndGlobalSection
	GlobalSection(ProjectConfigurationPlatforms) = postSolution
		{72A9808C-2DAF-42D0-B1E6-A9308E0E28C7}.Debug|Any CPU.ActiveCfg = Debug|Any CPU
		{72A9808C-2DAF-42D0-B1E6-A9308E0E28C7}.Debug|Any CPU.Build.0 = Debug|Any CPU
		{72A9808C-2DAF-42D0-B1E6-A9308E0E28C7}.Release|Any CPU.ActiveCfg = Release|Any CPU
		{72A9808C-2DAF-42D0-B1E6-A9308E0E28C7}.Release|Any CPU.Build.0 = Release|Any CPU
		{6EA9C0BD-4CEF-4DCB-ADAA-4011B27B02DB}.Debug|Any CPU.ActiveCfg = Debug|Any CPU
		{6EA9C0BD-4CEF-4DCB-ADAA-4011B27B02DB}.Debug|Any CPU.Build.0 = Debug|Any CPU
		{6EA9C0BD-4CEF-4DCB-ADAA-4011B27B02DB}.Release|Any CPU.ActiveCfg = Release|Any CPU
		{6EA9C0BD-4CEF-4DCB-ADAA-4011B27B02DB}.Release|Any CPU.Build.0 = Release|Any CPU
		{4C7B8441-B593-4F15-8A87-4C303400BA0C}.Debug|Any CPU.ActiveCfg = Debug|Any CPU
		{4C7B8441-B593-4F15-8A87-4C303400BA0C}.Debug|Any CPU.Build.0 = Debug|Any CPU
		{4C7B8441-B593-4F15-8A87-4C303400BA0C}.Release|Any CPU.ActiveCfg = Release|Any CPU
		{4C7B8441-B593-4F15-8A87-4C303400BA0C}.Release|Any CPU.Build.0 = Release|Any CPU
		{7CE542C4-D4FA-41EF-AEA4-D880CCD707DE}.Debug|Any CPU.ActiveCfg = Debug|Any CPU
		{7CE542C4-D4FA-41EF-AEA4-D880CCD707DE}.Debug|Any CPU.Build.0 = Debug|Any CPU
		{7CE542C4-D4FA-41EF-AEA4-D880CCD707DE}.Release|Any CPU.ActiveCfg = Release|Any CPU
		{7CE542C4-D4FA-41EF-AEA4-D880CCD707DE}.Release|Any CPU.Build.0 = Release|Any CPU
		{AF9F1EF3-1778-4BA7-B923-BF3FC2688E6D}.Debug|Any CPU.ActiveCfg = Debug|Any CPU
		{AF9F1EF3-1778-4BA7-B923-BF3FC2688E6D}.Debug|Any CPU.Build.0 = Debug|Any CPU
		{AF9F1EF3-1778-4BA7-B923-BF3FC2688E6D}.Release|Any CPU.ActiveCfg = Release|Any CPU
		{AF9F1EF3-1778-4BA7-B923-BF3FC2688E6D}.Release|Any CPU.Build.0 = Release|Any CPU
		{4F66AE3B-BAE0-4929-8C75-60DB825D3B5D}.Debug|Any CPU.ActiveCfg = Debug|Any CPU
		{4F66AE3B-BAE0-4929-8C75-60DB825D3B5D}.Debug|Any CPU.Build.0 = Debug|Any CPU
		{4F66AE3B-BAE0-4929-8C75-60DB825D3B5D}.Release|Any CPU.ActiveCfg = Release|Any CPU
		{4F66AE3B-BAE0-4929-8C75-60DB825D3B5D}.Release|Any CPU.Build.0 = Release|Any CPU
		{94FF77DA-237D-4E14-AD58-E1FD71B21B71}.Debug|Any CPU.ActiveCfg = Debug|Any CPU
		{94FF77DA-237D-4E14-AD58-E1FD71B21B71}.Debug|Any CPU.Build.0 = Debug|Any CPU
		{94FF77DA-237D-4E14-AD58-E1FD71B21B71}.Release|Any CPU.ActiveCfg = Release|Any CPU
		{94FF77DA-237D-4E14-AD58-E1FD71B21B71}.Release|Any CPU.Build.0 = Release|Any CPU
		{EE6D197F-74A2-4F23-890D-08091457DF8C}.Debug|Any CPU.ActiveCfg = Debug|Any CPU
		{EE6D197F-74A2-4F23-890D-08091457DF8C}.Debug|Any CPU.Build.0 = Debug|Any CPU
		{EE6D197F-74A2-4F23-890D-08091457DF8C}.Release|Any CPU.ActiveCfg = Release|Any CPU
		{EE6D197F-74A2-4F23-890D-08091457DF8C}.Release|Any CPU.Build.0 = Release|Any CPU
		{48B2C9B1-3665-4DA7-9BB9-61628CE0B1B9}.Debug|Any CPU.ActiveCfg = Debug|Any CPU
		{48B2C9B1-3665-4DA7-9BB9-61628CE0B1B9}.Debug|Any CPU.Build.0 = Debug|Any CPU
		{48B2C9B1-3665-4DA7-9BB9-61628CE0B1B9}.Release|Any CPU.ActiveCfg = Release|Any CPU
		{48B2C9B1-3665-4DA7-9BB9-61628CE0B1B9}.Release|Any CPU.Build.0 = Release|Any CPU
		{65D5EBC4-510F-4ACD-9C41-09AD90F86F44}.Debug|Any CPU.ActiveCfg = Debug|Any CPU
		{65D5EBC4-510F-4ACD-9C41-09AD90F86F44}.Debug|Any CPU.Build.0 = Debug|Any CPU
		{65D5EBC4-510F-4ACD-9C41-09AD90F86F44}.Release|Any CPU.ActiveCfg = Release|Any CPU
		{65D5EBC4-510F-4ACD-9C41-09AD90F86F44}.Release|Any CPU.Build.0 = Release|Any CPU
		{F6F90A8B-17FF-4459-BB16-C70F5EEFFD10}.Debug|Any CPU.ActiveCfg = Debug|Any CPU
		{F6F90A8B-17FF-4459-BB16-C70F5EEFFD10}.Debug|Any CPU.Build.0 = Debug|Any CPU
		{F6F90A8B-17FF-4459-BB16-C70F5EEFFD10}.Release|Any CPU.ActiveCfg = Release|Any CPU
		{F6F90A8B-17FF-4459-BB16-C70F5EEFFD10}.Release|Any CPU.Build.0 = Release|Any CPU
		{7D7B437F-CDB0-4065-85D1-5A29548979DB}.Debug|Any CPU.ActiveCfg = Debug|Any CPU
		{7D7B437F-CDB0-4065-85D1-5A29548979DB}.Debug|Any CPU.Build.0 = Debug|Any CPU
		{7D7B437F-CDB0-4065-85D1-5A29548979DB}.Release|Any CPU.ActiveCfg = Release|Any CPU
		{7D7B437F-CDB0-4065-85D1-5A29548979DB}.Release|Any CPU.Build.0 = Release|Any CPU
		{3097D36B-2D68-4C27-BEA9-00776B3CEC54}.Debug|Any CPU.ActiveCfg = Debug|Any CPU
		{3097D36B-2D68-4C27-BEA9-00776B3CEC54}.Debug|Any CPU.Build.0 = Debug|Any CPU
		{3097D36B-2D68-4C27-BEA9-00776B3CEC54}.Release|Any CPU.ActiveCfg = Release|Any CPU
		{3097D36B-2D68-4C27-BEA9-00776B3CEC54}.Release|Any CPU.Build.0 = Release|Any CPU
		{6B80C4C1-EC22-4776-9118-ADDE79118301}.Debug|Any CPU.ActiveCfg = Debug|Any CPU
		{6B80C4C1-EC22-4776-9118-ADDE79118301}.Debug|Any CPU.Build.0 = Debug|Any CPU
		{6B80C4C1-EC22-4776-9118-ADDE79118301}.Release|Any CPU.ActiveCfg = Release|Any CPU
		{6B80C4C1-EC22-4776-9118-ADDE79118301}.Release|Any CPU.Build.0 = Release|Any CPU
		{03BDD573-25E0-4941-834E-ABAD3C6E6DE5}.Debug|Any CPU.ActiveCfg = Debug|Any CPU
		{03BDD573-25E0-4941-834E-ABAD3C6E6DE5}.Debug|Any CPU.Build.0 = Debug|Any CPU
		{03BDD573-25E0-4941-834E-ABAD3C6E6DE5}.Release|Any CPU.ActiveCfg = Release|Any CPU
		{03BDD573-25E0-4941-834E-ABAD3C6E6DE5}.Release|Any CPU.Build.0 = Release|Any CPU
		{743E6043-4932-400D-8E1C-765C61008C09}.Debug|Any CPU.ActiveCfg = Debug|Any CPU
		{743E6043-4932-400D-8E1C-765C61008C09}.Debug|Any CPU.Build.0 = Debug|Any CPU
		{743E6043-4932-400D-8E1C-765C61008C09}.Release|Any CPU.ActiveCfg = Release|Any CPU
		{743E6043-4932-400D-8E1C-765C61008C09}.Release|Any CPU.Build.0 = Release|Any CPU
		{C9E461E8-607E-43D5-91D2-FEFFEC2B0F05}.Debug|Any CPU.ActiveCfg = Debug|Any CPU
		{C9E461E8-607E-43D5-91D2-FEFFEC2B0F05}.Debug|Any CPU.Build.0 = Debug|Any CPU
		{C9E461E8-607E-43D5-91D2-FEFFEC2B0F05}.Release|Any CPU.ActiveCfg = Release|Any CPU
		{C9E461E8-607E-43D5-91D2-FEFFEC2B0F05}.Release|Any CPU.Build.0 = Release|Any CPU
		{9FBCA47C-84CA-4D79-8814-233713FDE0C9}.Debug|Any CPU.ActiveCfg = Debug|Any CPU
		{9FBCA47C-84CA-4D79-8814-233713FDE0C9}.Debug|Any CPU.Build.0 = Debug|Any CPU
		{9FBCA47C-84CA-4D79-8814-233713FDE0C9}.Release|Any CPU.ActiveCfg = Release|Any CPU
		{9FBCA47C-84CA-4D79-8814-233713FDE0C9}.Release|Any CPU.Build.0 = Release|Any CPU
		{0A5BE9AC-BFBF-4B41-909A-DDADCB73D00A}.Debug|Any CPU.ActiveCfg = Debug|Any CPU
		{0A5BE9AC-BFBF-4B41-909A-DDADCB73D00A}.Debug|Any CPU.Build.0 = Debug|Any CPU
		{0A5BE9AC-BFBF-4B41-909A-DDADCB73D00A}.Release|Any CPU.ActiveCfg = Release|Any CPU
		{0A5BE9AC-BFBF-4B41-909A-DDADCB73D00A}.Release|Any CPU.Build.0 = Release|Any CPU
		{42998CC8-9D56-41C1-9752-9FF7ABD04EC4}.Debug|Any CPU.ActiveCfg = Debug|Any CPU
		{42998CC8-9D56-41C1-9752-9FF7ABD04EC4}.Debug|Any CPU.Build.0 = Debug|Any CPU
		{42998CC8-9D56-41C1-9752-9FF7ABD04EC4}.Release|Any CPU.ActiveCfg = Release|Any CPU
		{42998CC8-9D56-41C1-9752-9FF7ABD04EC4}.Release|Any CPU.Build.0 = Release|Any CPU
		{5EB8037C-A6E4-47A3-BE1C-5EDF430551CA}.Debug|Any CPU.ActiveCfg = Debug|Any CPU
		{5EB8037C-A6E4-47A3-BE1C-5EDF430551CA}.Debug|Any CPU.Build.0 = Debug|Any CPU
		{5EB8037C-A6E4-47A3-BE1C-5EDF430551CA}.Release|Any CPU.ActiveCfg = Release|Any CPU
		{5EB8037C-A6E4-47A3-BE1C-5EDF430551CA}.Release|Any CPU.Build.0 = Release|Any CPU
		{64EC285A-82FB-4689-B91E-9444A42B5303}.Debug|Any CPU.ActiveCfg = Debug|Any CPU
		{64EC285A-82FB-4689-B91E-9444A42B5303}.Debug|Any CPU.Build.0 = Debug|Any CPU
		{64EC285A-82FB-4689-B91E-9444A42B5303}.Release|Any CPU.ActiveCfg = Release|Any CPU
		{64EC285A-82FB-4689-B91E-9444A42B5303}.Release|Any CPU.Build.0 = Release|Any CPU
		{EACC5004-EEC6-4BE6-B013-2507A3CA2A62}.Debug|Any CPU.ActiveCfg = Debug|Any CPU
		{EACC5004-EEC6-4BE6-B013-2507A3CA2A62}.Debug|Any CPU.Build.0 = Debug|Any CPU
		{EACC5004-EEC6-4BE6-B013-2507A3CA2A62}.Release|Any CPU.ActiveCfg = Release|Any CPU
		{EACC5004-EEC6-4BE6-B013-2507A3CA2A62}.Release|Any CPU.Build.0 = Release|Any CPU
		{3064B95D-56D5-4F30-89E5-758DBD719EEE}.Debug|Any CPU.ActiveCfg = Debug|Any CPU
		{3064B95D-56D5-4F30-89E5-758DBD719EEE}.Debug|Any CPU.Build.0 = Debug|Any CPU
		{3064B95D-56D5-4F30-89E5-758DBD719EEE}.Release|Any CPU.ActiveCfg = Release|Any CPU
		{3064B95D-56D5-4F30-89E5-758DBD719EEE}.Release|Any CPU.Build.0 = Release|Any CPU
		{1242549E-8A6C-40BA-9DCE-F288350448BE}.Debug|Any CPU.ActiveCfg = Debug|Any CPU
		{1242549E-8A6C-40BA-9DCE-F288350448BE}.Debug|Any CPU.Build.0 = Debug|Any CPU
		{1242549E-8A6C-40BA-9DCE-F288350448BE}.Release|Any CPU.ActiveCfg = Release|Any CPU
		{1242549E-8A6C-40BA-9DCE-F288350448BE}.Release|Any CPU.Build.0 = Release|Any CPU
		{9D4462B2-F583-4F67-B99F-C123A70F24B2}.Debug|Any CPU.ActiveCfg = Debug|Any CPU
		{9D4462B2-F583-4F67-B99F-C123A70F24B2}.Debug|Any CPU.Build.0 = Debug|Any CPU
		{9D4462B2-F583-4F67-B99F-C123A70F24B2}.Release|Any CPU.ActiveCfg = Release|Any CPU
		{9D4462B2-F583-4F67-B99F-C123A70F24B2}.Release|Any CPU.Build.0 = Release|Any CPU
		{A2D277E9-8FE0-4888-A2C7-A1D9690AB7CB}.Debug|Any CPU.ActiveCfg = Debug|Any CPU
		{A2D277E9-8FE0-4888-A2C7-A1D9690AB7CB}.Debug|Any CPU.Build.0 = Debug|Any CPU
		{A2D277E9-8FE0-4888-A2C7-A1D9690AB7CB}.Release|Any CPU.ActiveCfg = Release|Any CPU
		{A2D277E9-8FE0-4888-A2C7-A1D9690AB7CB}.Release|Any CPU.Build.0 = Release|Any CPU
	EndGlobalSection
	GlobalSection(SolutionProperties) = preSolution
		HideSolutionNode = FALSE
	EndGlobalSection
	GlobalSection(NestedProjects) = preSolution
		{72A9808C-2DAF-42D0-B1E6-A9308E0E28C7} = {46CCEF3A-3D00-489A-9E09-74C74F544B33}
		{6EA9C0BD-4CEF-4DCB-ADAA-4011B27B02DB} = {46CCEF3A-3D00-489A-9E09-74C74F544B33}
		{4C7B8441-B593-4F15-8A87-4C303400BA0C} = {46CCEF3A-3D00-489A-9E09-74C74F544B33}
		{7CE542C4-D4FA-41EF-AEA4-D880CCD707DE} = {5BE954DC-3EF5-4547-B8B6-9CC9BC27B8E2}
		{AF9F1EF3-1778-4BA7-B923-BF3FC2688E6D} = {5BE954DC-3EF5-4547-B8B6-9CC9BC27B8E2}
		{4F66AE3B-BAE0-4929-8C75-60DB825D3B5D} = {5BE954DC-3EF5-4547-B8B6-9CC9BC27B8E2}
		{94FF77DA-237D-4E14-AD58-E1FD71B21B71} = {5CAA2917-2423-4A0F-AB8B-CE1AE87E4487}
		{EE6D197F-74A2-4F23-890D-08091457DF8C} = {5CAA2917-2423-4A0F-AB8B-CE1AE87E4487}
		{48B2C9B1-3665-4DA7-9BB9-61628CE0B1B9} = {5CAA2917-2423-4A0F-AB8B-CE1AE87E4487}
		{65D5EBC4-510F-4ACD-9C41-09AD90F86F44} = {52A50ED7-6DB0-48C6-A219-089918C28373}
		{F6F90A8B-17FF-4459-BB16-C70F5EEFFD10} = {52A50ED7-6DB0-48C6-A219-089918C28373}
		{7D7B437F-CDB0-4065-85D1-5A29548979DB} = {52A50ED7-6DB0-48C6-A219-089918C28373}
		{3097D36B-2D68-4C27-BEA9-00776B3CEC54} = {1363B736-82F6-4CC6-B5E7-E77602EBC65A}
		{6B80C4C1-EC22-4776-9118-ADDE79118301} = {BE6F6271-3795-4898-99F6-D04DB8173A84}
		{03BDD573-25E0-4941-834E-ABAD3C6E6DE5} = {BE6F6271-3795-4898-99F6-D04DB8173A84}
		{743E6043-4932-400D-8E1C-765C61008C09} = {BE6F6271-3795-4898-99F6-D04DB8173A84}
		{C9E461E8-607E-43D5-91D2-FEFFEC2B0F05} = {1A1D1D1C-8916-4ABE-B77C-B22025F9D258}
		{9FBCA47C-84CA-4D79-8814-233713FDE0C9} = {1A1D1D1C-8916-4ABE-B77C-B22025F9D258}
		{0A5BE9AC-BFBF-4B41-909A-DDADCB73D00A} = {1A1D1D1C-8916-4ABE-B77C-B22025F9D258}
		{42998CC8-9D56-41C1-9752-9FF7ABD04EC4} = {0749BC73-732E-427F-9515-4CB25C4AFCA3}
		{5EB8037C-A6E4-47A3-BE1C-5EDF430551CA} = {0749BC73-732E-427F-9515-4CB25C4AFCA3}
		{64EC285A-82FB-4689-B91E-9444A42B5303} = {0749BC73-732E-427F-9515-4CB25C4AFCA3}
		{EACC5004-EEC6-4BE6-B013-2507A3CA2A62} = {3601CEA7-B66F-415C-B8C2-CB8290A2F706}
		{3064B95D-56D5-4F30-89E5-758DBD719EEE} = {3601CEA7-B66F-415C-B8C2-CB8290A2F706}
		{1242549E-8A6C-40BA-9DCE-F288350448BE} = {3601CEA7-B66F-415C-B8C2-CB8290A2F706}
		{9D4462B2-F583-4F67-B99F-C123A70F24B2} = {1363B736-82F6-4CC6-B5E7-E77602EBC65A}
		{A2D277E9-8FE0-4888-A2C7-A1D9690AB7CB} = {1363B736-82F6-4CC6-B5E7-E77602EBC65A}
	EndGlobalSection
EndGlobal
